
Microsoft Visual Studio Solution File, Format Version 12.00
# Visual Studio Version 17
VisualStudioVersion = 17.11.35219.272
MinimumVisualStudioVersion = 10.0.40219.1
Project("{8BC9CEB8-8B4A-11D0-8D11-00A0C91BC942}") = "Nya_Transpiler", "Nya_Transpiler\Nya_Transpiler.vcxproj", "{C5EF9C6E-A85F-4CC2-81AE-D5DAB402EB0F}"
EndProject
Global
	GlobalSection(SolutionConfigurationPlatforms) = preSolution
		Debug|x64 = Debug|x64
		Debug|x86 = Debug|x86
		Release|x64 = Release|x64
		Release|x86 = Release|x86
	EndGlobalSection
	GlobalSection(ProjectConfigurationPlatforms) = postSolution
		{C5EF9C6E-A85F-4CC2-81AE-D5DAB402EB0F}.Debug|x64.ActiveCfg = Debug|x64
		{C5EF9C6E-A85F-4CC2-81AE-D5DAB402EB0F}.Debug|x64.Build.0 = Debug|x64
		{C5EF9C6E-A85F-4CC2-81AE-D5DAB402EB0F}.Debug|x86.ActiveCfg = Debug|Win32
		{C5EF9C6E-A85F-4CC2-81AE-D5DAB402EB0F}.Debug|x86.Build.0 = Debug|Win32
		{C5EF9C6E-A85F-4CC2-81AE-D5DAB402EB0F}.Release|x64.ActiveCfg = Release|x64
		{C5EF9C6E-A85F-4CC2-81AE-D5DAB402EB0F}.Release|x64.Build.0 = Release|x64
		{C5EF9C6E-A85F-4CC2-81AE-D5DAB402EB0F}.Release|x86.ActiveCfg = Release|Win32
		{C5EF9C6E-A85F-4CC2-81AE-D5DAB402EB0F}.Release|x86.Build.0 = Release|Win32
	EndGlobalSection
	GlobalSection(SolutionProperties) = preSolution
		HideSolutionNode = FALSE
	EndGlobalSection
	GlobalSection(ExtensibilityGlobals) = postSolution
		SolutionGuid = {822A555E-1717-4192-8DA2-716DD50521EA}
	EndGlobalSection
EndGlobal
